
Microsoft Visual Studio Solution File, Format Version 12.00
# Visual Studio Version 16
VisualStudioVersion = 16.0.33927.289
MinimumVisualStudioVersion = 10.0.40219.1
Project("{2150E333-8FDC-42A3-9474-1A3956D46DE8}") = "Task0", "Task0", "{09F50722-B7B2-4ABC-A16E-88225A195C46}"
EndProject
Project("{FAE04EC0-301F-11D3-BF4B-00C04F79EFBC}") = "Tyuiu.DevjatkovaAA.Sprint1.Task0.V0", "Tyuiu.DevjatkovaAA.Sprint1.Task0.V0\Tyuiu.DevjatkovaAA.Sprint1.Task0.V0.csproj", "{A7988806-0362-4129-9AC0-96AEBB805BD0}"
EndProject
Project("{FAE04EC0-301F-11D3-BF4B-00C04F79EFBC}") = "Tyuiu.DevjatkovaAA.Sprint1.Task0.V0.Lib", "Tyuiu.DevjatkovaAA.Sprint1.V0.Lib\Tyuiu.DevjatkovaAA.Sprint1.Task0.V0.Lib.csproj", "{7C6E6D63-678D-4DB8-BD3B-F144C3CF264F}"
EndProject
Project("{FAE04EC0-301F-11D3-BF4B-00C04F79EFBC}") = "Tyuiu.DevjatkovaAA.Sprint1.Task0.V0.Test", "Tyuiu.DevjatkovaAA.Sprint1.Task0.V0.Test\Tyuiu.DevjatkovaAA.Sprint1.Task0.V0.Test.csproj", "{A79C1270-452D-4124-A295-EE0F2F4576B4}"
EndProject
Project("{2150E333-8FDC-42A3-9474-1A3956D46DE8}") = "Task0.V7", "Task0.V7", "{AFAB81EB-6B55-4DF9-BA09-7CD6DF63AC77}"
EndProject
Project("{FAE04EC0-301F-11D3-BF4B-00C04F79EFBC}") = "Tyuiu.DevjatkovaAA.Sprint1.Task0.V7", "Tyuiu.DevjatkovaAA.Sprint1.Task0.V7\Tyuiu.DevjatkovaAA.Sprint1.Task0.V7.csproj", "{2B9228C4-66CB-4348-8D6F-DC96454BE552}"
EndProject
Project("{FAE04EC0-301F-11D3-BF4B-00C04F79EFBC}") = "Tyuiu.DevjatkovaAA.Sprint1.Task0.V7.Lib", "Tyuiu.DevjatkovaAA.Sprint1.Task0.V7.Lib\Tyuiu.DevjatkovaAA.Sprint1.Task0.V7.Lib.csproj", "{C60F89D3-35B9-4B1B-8075-8D6C0FEC3B22}"
EndProject
Project("{FAE04EC0-301F-11D3-BF4B-00C04F79EFBC}") = "Tyuiu.DevjatkovaAA.Sprint1.Task0.V7.Test", "Tyuiu.DevjatkovaAA.Sprint1.Task0.V7.Test\Tyuiu.DevjatkovaAA.Sprint1.Task0.V7.Test.csproj", "{2B7FE1C6-D954-4E8D-9625-18290FE19A88}"
EndProject
Project("{2150E333-8FDC-42A3-9474-1A3956D46DE8}") = "Task1", "Task1", "{6F743A9D-4954-406A-BD45-8847D7C22160}"
EndProject
Project("{FAE04EC0-301F-11D3-BF4B-00C04F79EFBC}") = "Tyuiu.DevjatkovaAA.Sprint1.Task1.V10", "Tyuiu.DevjatkovaAA.Sprint1.Task1.V0\Tyuiu.DevjatkovaAA.Sprint1.Task1.V10.csproj", "{FAEA7AB1-6B18-4350-8F9B-946F8F76584C}"
EndProject
Project("{FAE04EC0-301F-11D3-BF4B-00C04F79EFBC}") = "Tyuiu.DevjatkovaAA.Sprint1.Task1.V10.Lib", "Tyuiu.DevjatkovaAA.Sprint1.Task1.V0.Lib\Tyuiu.DevjatkovaAA.Sprint1.Task1.V10.Lib.csproj", "{B2C1AD8D-89B3-4C2B-835F-3E2251AE6996}"
EndProject
Project("{FAE04EC0-301F-11D3-BF4B-00C04F79EFBC}") = "Tyuiu.DevjatkovaAA.Sprint1.Task1.V10.Test", "Tyuiu.DevjatkovaAA.Sprint1.Task1.V0.Test\Tyuiu.DevjatkovaAA.Sprint1.Task1.V10.Test.csproj", "{4E15C2CB-A914-4C61-ACDF-918722AC842C}"
EndProject
Project("{2150E333-8FDC-42A3-9474-1A3956D46DE8}") = "Task2", "Task2", "{0C3E48A2-E391-4484-828D-357877A6E1FD}"
EndProject
Project("{FAE04EC0-301F-11D3-BF4B-00C04F79EFBC}") = "Tyuiu.DevjatkovaAA.Sprint1.Task2.V25", "Tyuiu.DevjatkovaAA.Sprint1.Task2.V25\Tyuiu.DevjatkovaAA.Sprint1.Task2.V25.csproj", "{99687466-E338-4C5D-A377-4D8950DB0CC3}"
EndProject
Project("{FAE04EC0-301F-11D3-BF4B-00C04F79EFBC}") = "Tyuiu.DevjatkovaAA.Sprint1.Task2.V25.Lib", "Tyuiu.DevjatkovaAA.Sprint1.Task2.V25.Lib\Tyuiu.DevjatkovaAA.Sprint1.Task2.V25.Lib.csproj", "{BAAD8A30-205D-4F27-A839-9925D7A14A61}"
EndProject
Project("{FAE04EC0-301F-11D3-BF4B-00C04F79EFBC}") = "Tyuiu.DevjatkovaAA.Sprint1.Task2.V25.Test", "Tyuiu.DevjatkovaAA.Sprint1.Task2.V25.Test\Tyuiu.DevjatkovaAA.Sprint1.Task2.V25.Test.csproj", "{B6AB9AE6-767E-4500-9344-C71E774C8F31}"
EndProject
Project("{2150E333-8FDC-42A3-9474-1A3956D46DE8}") = "Task3", "Task3", "{2BAB0A27-78A3-49CD-9C7F-7201B53E9806}"
EndProject
Project("{FAE04EC0-301F-11D3-BF4B-00C04F79EFBC}") = "Tyuiu.DevjatkovaAA.Sprint1.Task3.V2", "Tyuiu.DevjatkovaAA.Sprint1.Task3.V2\Tyuiu.DevjatkovaAA.Sprint1.Task3.V2.csproj", "{837576CA-C10E-46D1-AC1A-EED9D8D06D4C}"
EndProject
Project("{FAE04EC0-301F-11D3-BF4B-00C04F79EFBC}") = "Tyuiu.DevjatkovaAA.Sprint1.Task3.V2.Lib", "Tyuiu.DevjatkovaAA.Sprint1.Task3.V2.Lib\Tyuiu.DevjatkovaAA.Sprint1.Task3.V2.Lib.csproj", "{F67A7993-F3B1-4028-83A7-DE659E04654C}"
EndProject
Project("{FAE04EC0-301F-11D3-BF4B-00C04F79EFBC}") = "Tyuiu.DevjatkovaAA.Sprint1.Task3.V2.Test", "Tyuiu.DevjatkovaAA.Sprint1.Task3.V2.Test\Tyuiu.DevjatkovaAA.Sprint1.Task3.V2.Test.csproj", "{3A7C55F6-04A0-4B83-AC6E-BE89A2DEB874}"
EndProject
Project("{2150E333-8FDC-42A3-9474-1A3956D46DE8}") = "Task4", "Task4", "{B70AE517-2412-43CB-BA2D-0F55341A1DDC}"
EndProject
Project("{FAE04EC0-301F-11D3-BF4B-00C04F79EFBC}") = "Tyuiu.DevjatkovaAA.Sprint1.Task4.V6", "Tyuiu.DevjatkovaAA.Sprint1.Task4.V6\Tyuiu.DevjatkovaAA.Sprint1.Task4.V6.csproj", "{B69F962E-379C-47DE-85D2-D49E1AC0E442}"
EndProject
Project("{FAE04EC0-301F-11D3-BF4B-00C04F79EFBC}") = "Tyuiu.DevjatkovaAA.Sprint1.Task4.V6.Lib", "Tyuiu.DevjatkovaAA.Sprint1.Task4.V6.Lib\Tyuiu.DevjatkovaAA.Sprint1.Task4.V6.Lib.csproj", "{C063544B-229E-4A62-B390-7E0141A8FE01}"
EndProject
Project("{FAE04EC0-301F-11D3-BF4B-00C04F79EFBC}") = "Tyuiu.DevjatkovaAA.Sprint1.Task4.V6.Test", "Tyuiu.DevjatkovaAA.Sprint1.Task4.V6.Test\Tyuiu.DevjatkovaAA.Sprint1.Task4.V6.Test.csproj", "{A81A5DD9-F754-4055-BA84-A15483210670}"
EndProject
Project("{2150E333-8FDC-42A3-9474-1A3956D46DE8}") = "Task5", "Task5", "{717FBC61-2E07-4FAB-8627-A0F7013CF144}"
EndProject
Project("{FAE04EC0-301F-11D3-BF4B-00C04F79EFBC}") = "Tyuiu.DevjatkovaAA.Sprint1.Task5.V3", "Tyuiu.DevjatkovaAA.Sprint1.Task5.V3\Tyuiu.DevjatkovaAA.Sprint1.Task5.V3.csproj", "{4715EB65-CA5D-4AC2-876F-CE7418C81374}"
EndProject
Project("{FAE04EC0-301F-11D3-BF4B-00C04F79EFBC}") = "Tyuiu.DevjatkovaAA.Sprint1.Task5.V3.Lib", "Tyuiu.DevjatkovaAA.Sprint1.Task5.V3.Lib\Tyuiu.DevjatkovaAA.Sprint1.Task5.V3.Lib.csproj", "{91AE934B-7E7A-462C-B9A9-22EE8F3E7848}"
EndProject
Project("{FAE04EC0-301F-11D3-BF4B-00C04F79EFBC}") = "Tyuiu.DevjatkovaAA.Sprint1.Task5.V3.Test", "Tyuiu.DevjatkovaAA.Sprint1.Task5.V3.Test\Tyuiu.DevjatkovaAA.Sprint1.Task5.V3.Test.csproj", "{E6794D91-8BB5-4CF2-8E54-8B373FDB8600}"
EndProject
Project("{2150E333-8FDC-42A3-9474-1A3956D46DE8}") = "Task6", "Task6", "{B5C5D882-F91B-4868-A763-54D9C92523EE}"
EndProject
Project("{FAE04EC0-301F-11D3-BF4B-00C04F79EFBC}") = "Tyuiu.DevjatkovaAA.Sprint1.Task6.V11", "Tyuiu.DevjatkovaAA.Sprint1.Task6.V11\Tyuiu.DevjatkovaAA.Sprint1.Task6.V11.csproj", "{B8BE9B7F-0FB9-4AF3-834E-433DC8EE77D5}"
EndProject
Project("{FAE04EC0-301F-11D3-BF4B-00C04F79EFBC}") = "Tyuiu.DevjatkovaAA.Sprint1.Task6.V11.Lib", "Tyuiu.DevjatkovaAA.Sprint1.Task6.V11.Lib\Tyuiu.DevjatkovaAA.Sprint1.Task6.V11.Lib.csproj", "{2F642BB8-464D-46B4-89B4-E8B30B438892}"
EndProject
Project("{FAE04EC0-301F-11D3-BF4B-00C04F79EFBC}") = "Tyuiu.DevjatkovaAA.Sprint1.Task6.V11.Test", "Tyuiu.DevjatkovaAA.Sprint1.Task6.V11.Test\Tyuiu.DevjatkovaAA.Sprint1.Task6.V11.Test.csproj", "{8FDE9B37-5577-4BFF-9750-E33627EBFBBE}"
EndProject
Project("{2150E333-8FDC-42A3-9474-1A3956D46DE8}") = "Task7", "Task7", "{861797E6-006A-4925-89AA-77FA76AA1826}"
EndProject
Project("{FAE04EC0-301F-11D3-BF4B-00C04F79EFBC}") = "Tyuiu.DevjatkovaAA.Sprint1.Task7.V8", "Tyuiu.DevjatkovaAA.Sprint1.Task7.V8\Tyuiu.DevjatkovaAA.Sprint1.Task7.V8.csproj", "{FF3D7A70-21FB-41E0-A6BC-BE9E07DA1DD8}"
EndProject
Project("{FAE04EC0-301F-11D3-BF4B-00C04F79EFBC}") = "Tyuiu.DevjatkovaAA.Sprint1.Task7.V8.Lib", "Tyuiu.DevjatkovaAA.Sprint1.Task7.V8.Lib\Tyuiu.DevjatkovaAA.Sprint1.Task7.V8.Lib.csproj", "{5FBF8577-2E37-4ED4-8845-22AF68E11599}"
EndProject
Project("{FAE04EC0-301F-11D3-BF4B-00C04F79EFBC}") = "Tyuiu.DevjatkovaAA.Sprint1.Task7.V8.Test", "Tyuiu.DevjatkovaAA.Sprint1.Task7.V8.Test\Tyuiu.DevjatkovaAA.Sprint1.Task7.V8.Test.csproj", "{B3AC6549-7995-4600-BEE2-213D523C46FB}"
EndProject
Global
	GlobalSection(SolutionConfigurationPlatforms) = preSolution
		Debug|Any CPU = Debug|Any CPU
		Release|Any CPU = Release|Any CPU
	EndGlobalSection
	GlobalSection(ProjectConfigurationPlatforms) = postSolution
		{A7988806-0362-4129-9AC0-96AEBB805BD0}.Debug|Any CPU.ActiveCfg = Debug|Any CPU
		{A7988806-0362-4129-9AC0-96AEBB805BD0}.Debug|Any CPU.Build.0 = Debug|Any CPU
		{A7988806-0362-4129-9AC0-96AEBB805BD0}.Release|Any CPU.ActiveCfg = Release|Any CPU
		{A7988806-0362-4129-9AC0-96AEBB805BD0}.Release|Any CPU.Build.0 = Release|Any CPU
		{7C6E6D63-678D-4DB8-BD3B-F144C3CF264F}.Debug|Any CPU.ActiveCfg = Debug|Any CPU
		{7C6E6D63-678D-4DB8-BD3B-F144C3CF264F}.Debug|Any CPU.Build.0 = Debug|Any CPU
		{7C6E6D63-678D-4DB8-BD3B-F144C3CF264F}.Release|Any CPU.ActiveCfg = Release|Any CPU
		{7C6E6D63-678D-4DB8-BD3B-F144C3CF264F}.Release|Any CPU.Build.0 = Release|Any CPU
		{A79C1270-452D-4124-A295-EE0F2F4576B4}.Debug|Any CPU.ActiveCfg = Debug|Any CPU
		{A79C1270-452D-4124-A295-EE0F2F4576B4}.Debug|Any CPU.Build.0 = Debug|Any CPU
		{A79C1270-452D-4124-A295-EE0F2F4576B4}.Release|Any CPU.ActiveCfg = Release|Any CPU
		{A79C1270-452D-4124-A295-EE0F2F4576B4}.Release|Any CPU.Build.0 = Release|Any CPU
		{2B9228C4-66CB-4348-8D6F-DC96454BE552}.Debug|Any CPU.ActiveCfg = Debug|Any CPU
		{2B9228C4-66CB-4348-8D6F-DC96454BE552}.Debug|Any CPU.Build.0 = Debug|Any CPU
		{2B9228C4-66CB-4348-8D6F-DC96454BE552}.Release|Any CPU.ActiveCfg = Release|Any CPU
		{2B9228C4-66CB-4348-8D6F-DC96454BE552}.Release|Any CPU.Build.0 = Release|Any CPU
		{C60F89D3-35B9-4B1B-8075-8D6C0FEC3B22}.Debug|Any CPU.ActiveCfg = Debug|Any CPU
		{C60F89D3-35B9-4B1B-8075-8D6C0FEC3B22}.Debug|Any CPU.Build.0 = Debug|Any CPU
		{C60F89D3-35B9-4B1B-8075-8D6C0FEC3B22}.Release|Any CPU.ActiveCfg = Release|Any CPU
		{C60F89D3-35B9-4B1B-8075-8D6C0FEC3B22}.Release|Any CPU.Build.0 = Release|Any CPU
		{2B7FE1C6-D954-4E8D-9625-18290FE19A88}.Debug|Any CPU.ActiveCfg = Debug|Any CPU
		{2B7FE1C6-D954-4E8D-9625-18290FE19A88}.Debug|Any CPU.Build.0 = Debug|Any CPU
		{2B7FE1C6-D954-4E8D-9625-18290FE19A88}.Release|Any CPU.ActiveCfg = Release|Any CPU
		{2B7FE1C6-D954-4E8D-9625-18290FE19A88}.Release|Any CPU.Build.0 = Release|Any CPU
		{FAEA7AB1-6B18-4350-8F9B-946F8F76584C}.Debug|Any CPU.ActiveCfg = Debug|Any CPU
		{FAEA7AB1-6B18-4350-8F9B-946F8F76584C}.Debug|Any CPU.Build.0 = Debug|Any CPU
		{FAEA7AB1-6B18-4350-8F9B-946F8F76584C}.Release|Any CPU.ActiveCfg = Release|Any CPU
		{FAEA7AB1-6B18-4350-8F9B-946F8F76584C}.Release|Any CPU.Build.0 = Release|Any CPU
		{B2C1AD8D-89B3-4C2B-835F-3E2251AE6996}.Debug|Any CPU.ActiveCfg = Debug|Any CPU
		{B2C1AD8D-89B3-4C2B-835F-3E2251AE6996}.Debug|Any CPU.Build.0 = Debug|Any CPU
		{B2C1AD8D-89B3-4C2B-835F-3E2251AE6996}.Release|Any CPU.ActiveCfg = Release|Any CPU
		{B2C1AD8D-89B3-4C2B-835F-3E2251AE6996}.Release|Any CPU.Build.0 = Release|Any CPU
		{4E15C2CB-A914-4C61-ACDF-918722AC842C}.Debug|Any CPU.ActiveCfg = Debug|Any CPU
		{4E15C2CB-A914-4C61-ACDF-918722AC842C}.Debug|Any CPU.Build.0 = Debug|Any CPU
		{4E15C2CB-A914-4C61-ACDF-918722AC842C}.Release|Any CPU.ActiveCfg = Release|Any CPU
		{4E15C2CB-A914-4C61-ACDF-918722AC842C}.Release|Any CPU.Build.0 = Release|Any CPU
		{99687466-E338-4C5D-A377-4D8950DB0CC3}.Debug|Any CPU.ActiveCfg = Debug|Any CPU
		{99687466-E338-4C5D-A377-4D8950DB0CC3}.Debug|Any CPU.Build.0 = Debug|Any CPU
		{99687466-E338-4C5D-A377-4D8950DB0CC3}.Release|Any CPU.ActiveCfg = Release|Any CPU
		{99687466-E338-4C5D-A377-4D8950DB0CC3}.Release|Any CPU.Build.0 = Release|Any CPU
		{BAAD8A30-205D-4F27-A839-9925D7A14A61}.Debug|Any CPU.ActiveCfg = Debug|Any CPU
		{BAAD8A30-205D-4F27-A839-9925D7A14A61}.Debug|Any CPU.Build.0 = Debug|Any CPU
		{BAAD8A30-205D-4F27-A839-9925D7A14A61}.Release|Any CPU.ActiveCfg = Release|Any CPU
		{BAAD8A30-205D-4F27-A839-9925D7A14A61}.Release|Any CPU.Build.0 = Release|Any CPU
		{B6AB9AE6-767E-4500-9344-C71E774C8F31}.Debug|Any CPU.ActiveCfg = Debug|Any CPU
		{B6AB9AE6-767E-4500-9344-C71E774C8F31}.Debug|Any CPU.Build.0 = Debug|Any CPU
		{B6AB9AE6-767E-4500-9344-C71E774C8F31}.Release|Any CPU.ActiveCfg = Release|Any CPU
		{B6AB9AE6-767E-4500-9344-C71E774C8F31}.Release|Any CPU.Build.0 = Release|Any CPU
		{837576CA-C10E-46D1-AC1A-EED9D8D06D4C}.Debug|Any CPU.ActiveCfg = Debug|Any CPU
		{837576CA-C10E-46D1-AC1A-EED9D8D06D4C}.Debug|Any CPU.Build.0 = Debug|Any CPU
		{837576CA-C10E-46D1-AC1A-EED9D8D06D4C}.Release|Any CPU.ActiveCfg = Release|Any CPU
		{837576CA-C10E-46D1-AC1A-EED9D8D06D4C}.Release|Any CPU.Build.0 = Release|Any CPU
		{F67A7993-F3B1-4028-83A7-DE659E04654C}.Debug|Any CPU.ActiveCfg = Debug|Any CPU
		{F67A7993-F3B1-4028-83A7-DE659E04654C}.Debug|Any CPU.Build.0 = Debug|Any CPU
		{F67A7993-F3B1-4028-83A7-DE659E04654C}.Release|Any CPU.ActiveCfg = Release|Any CPU
		{F67A7993-F3B1-4028-83A7-DE659E04654C}.Release|Any CPU.Build.0 = Release|Any CPU
		{3A7C55F6-04A0-4B83-AC6E-BE89A2DEB874}.Debug|Any CPU.ActiveCfg = Debug|Any CPU
		{3A7C55F6-04A0-4B83-AC6E-BE89A2DEB874}.Debug|Any CPU.Build.0 = Debug|Any CPU
		{3A7C55F6-04A0-4B83-AC6E-BE89A2DEB874}.Release|Any CPU.ActiveCfg = Release|Any CPU
		{3A7C55F6-04A0-4B83-AC6E-BE89A2DEB874}.Release|Any CPU.Build.0 = Release|Any CPU
		{B69F962E-379C-47DE-85D2-D49E1AC0E442}.Debug|Any CPU.ActiveCfg = Debug|Any CPU
		{B69F962E-379C-47DE-85D2-D49E1AC0E442}.Debug|Any CPU.Build.0 = Debug|Any CPU
		{B69F962E-379C-47DE-85D2-D49E1AC0E442}.Release|Any CPU.ActiveCfg = Release|Any CPU
		{B69F962E-379C-47DE-85D2-D49E1AC0E442}.Release|Any CPU.Build.0 = Release|Any CPU
		{C063544B-229E-4A62-B390-7E0141A8FE01}.Debug|Any CPU.ActiveCfg = Debug|Any CPU
		{C063544B-229E-4A62-B390-7E0141A8FE01}.Debug|Any CPU.Build.0 = Debug|Any CPU
		{C063544B-229E-4A62-B390-7E0141A8FE01}.Release|Any CPU.ActiveCfg = Release|Any CPU
		{C063544B-229E-4A62-B390-7E0141A8FE01}.Release|Any CPU.Build.0 = Release|Any CPU
		{A81A5DD9-F754-4055-BA84-A15483210670}.Debug|Any CPU.ActiveCfg = Debug|Any CPU
		{A81A5DD9-F754-4055-BA84-A15483210670}.Debug|Any CPU.Build.0 = Debug|Any CPU
		{A81A5DD9-F754-4055-BA84-A15483210670}.Release|Any CPU.ActiveCfg = Release|Any CPU
		{A81A5DD9-F754-4055-BA84-A15483210670}.Release|Any CPU.Build.0 = Release|Any CPU
		{4715EB65-CA5D-4AC2-876F-CE7418C81374}.Debug|Any CPU.ActiveCfg = Debug|Any CPU
		{4715EB65-CA5D-4AC2-876F-CE7418C81374}.Debug|Any CPU.Build.0 = Debug|Any CPU
		{4715EB65-CA5D-4AC2-876F-CE7418C81374}.Release|Any CPU.ActiveCfg = Release|Any CPU
		{4715EB65-CA5D-4AC2-876F-CE7418C81374}.Release|Any CPU.Build.0 = Release|Any CPU
		{91AE934B-7E7A-462C-B9A9-22EE8F3E7848}.Debug|Any CPU.ActiveCfg = Debug|Any CPU
		{91AE934B-7E7A-462C-B9A9-22EE8F3E7848}.Debug|Any CPU.Build.0 = Debug|Any CPU
		{91AE934B-7E7A-462C-B9A9-22EE8F3E7848}.Release|Any CPU.ActiveCfg = Release|Any CPU
		{91AE934B-7E7A-462C-B9A9-22EE8F3E7848}.Release|Any CPU.Build.0 = Release|Any CPU
		{E6794D91-8BB5-4CF2-8E54-8B373FDB8600}.Debug|Any CPU.ActiveCfg = Debug|Any CPU
		{E6794D91-8BB5-4CF2-8E54-8B373FDB8600}.Debug|Any CPU.Build.0 = Debug|Any CPU
		{E6794D91-8BB5-4CF2-8E54-8B373FDB8600}.Release|Any CPU.ActiveCfg = Release|Any CPU
		{E6794D91-8BB5-4CF2-8E54-8B373FDB8600}.Release|Any CPU.Build.0 = Release|Any CPU
		{B8BE9B7F-0FB9-4AF3-834E-433DC8EE77D5}.Debug|Any CPU.ActiveCfg = Debug|Any CPU
		{B8BE9B7F-0FB9-4AF3-834E-433DC8EE77D5}.Debug|Any CPU.Build.0 = Debug|Any CPU
		{B8BE9B7F-0FB9-4AF3-834E-433DC8EE77D5}.Release|Any CPU.ActiveCfg = Release|Any CPU
		{B8BE9B7F-0FB9-4AF3-834E-433DC8EE77D5}.Release|Any CPU.Build.0 = Release|Any CPU
		{2F642BB8-464D-46B4-89B4-E8B30B438892}.Debug|Any CPU.ActiveCfg = Debug|Any CPU
		{2F642BB8-464D-46B4-89B4-E8B30B438892}.Debug|Any CPU.Build.0 = Debug|Any CPU
		{2F642BB8-464D-46B4-89B4-E8B30B438892}.Release|Any CPU.ActiveCfg = Release|Any CPU
		{2F642BB8-464D-46B4-89B4-E8B30B438892}.Release|Any CPU.Build.0 = Release|Any CPU
		{8FDE9B37-5577-4BFF-9750-E33627EBFBBE}.Debug|Any CPU.ActiveCfg = Debug|Any CPU
		{8FDE9B37-5577-4BFF-9750-E33627EBFBBE}.Debug|Any CPU.Build.0 = Debug|Any CPU
		{8FDE9B37-5577-4BFF-9750-E33627EBFBBE}.Release|Any CPU.ActiveCfg = Release|Any CPU
		{8FDE9B37-5577-4BFF-9750-E33627EBFBBE}.Release|Any CPU.Build.0 = Release|Any CPU
		{FF3D7A70-21FB-41E0-A6BC-BE9E07DA1DD8}.Debug|Any CPU.ActiveCfg = Debug|Any CPU
		{FF3D7A70-21FB-41E0-A6BC-BE9E07DA1DD8}.Debug|Any CPU.Build.0 = Debug|Any CPU
		{FF3D7A70-21FB-41E0-A6BC-BE9E07DA1DD8}.Release|Any CPU.ActiveCfg = Release|Any CPU
		{FF3D7A70-21FB-41E0-A6BC-BE9E07DA1DD8}.Release|Any CPU.Build.0 = Release|Any CPU
		{5FBF8577-2E37-4ED4-8845-22AF68E11599}.Debug|Any CPU.ActiveCfg = Debug|Any CPU
		{5FBF8577-2E37-4ED4-8845-22AF68E11599}.Debug|Any CPU.Build.0 = Debug|Any CPU
		{5FBF8577-2E37-4ED4-8845-22AF68E11599}.Release|Any CPU.ActiveCfg = Release|Any CPU
		{5FBF8577-2E37-4ED4-8845-22AF68E11599}.Release|Any CPU.Build.0 = Release|Any CPU
		{B3AC6549-7995-4600-BEE2-213D523C46FB}.Debug|Any CPU.ActiveCfg = Debug|Any CPU
		{B3AC6549-7995-4600-BEE2-213D523C46FB}.Debug|Any CPU.Build.0 = Debug|Any CPU
		{B3AC6549-7995-4600-BEE2-213D523C46FB}.Release|Any CPU.ActiveCfg = Release|Any CPU
		{B3AC6549-7995-4600-BEE2-213D523C46FB}.Release|Any CPU.Build.0 = Release|Any CPU
	EndGlobalSection
	GlobalSection(SolutionProperties) = preSolution
		HideSolutionNode = FALSE
	EndGlobalSection
	GlobalSection(NestedProjects) = preSolution
		{A7988806-0362-4129-9AC0-96AEBB805BD0} = {09F50722-B7B2-4ABC-A16E-88225A195C46}
		{7C6E6D63-678D-4DB8-BD3B-F144C3CF264F} = {09F50722-B7B2-4ABC-A16E-88225A195C46}
		{A79C1270-452D-4124-A295-EE0F2F4576B4} = {09F50722-B7B2-4ABC-A16E-88225A195C46}
		{2B9228C4-66CB-4348-8D6F-DC96454BE552} = {AFAB81EB-6B55-4DF9-BA09-7CD6DF63AC77}
		{C60F89D3-35B9-4B1B-8075-8D6C0FEC3B22} = {AFAB81EB-6B55-4DF9-BA09-7CD6DF63AC77}
		{2B7FE1C6-D954-4E8D-9625-18290FE19A88} = {AFAB81EB-6B55-4DF9-BA09-7CD6DF63AC77}
		{FAEA7AB1-6B18-4350-8F9B-946F8F76584C} = {6F743A9D-4954-406A-BD45-8847D7C22160}
		{B2C1AD8D-89B3-4C2B-835F-3E2251AE6996} = {6F743A9D-4954-406A-BD45-8847D7C22160}
		{4E15C2CB-A914-4C61-ACDF-918722AC842C} = {6F743A9D-4954-406A-BD45-8847D7C22160}
		{99687466-E338-4C5D-A377-4D8950DB0CC3} = {0C3E48A2-E391-4484-828D-357877A6E1FD}
		{BAAD8A30-205D-4F27-A839-9925D7A14A61} = {0C3E48A2-E391-4484-828D-357877A6E1FD}
		{B6AB9AE6-767E-4500-9344-C71E774C8F31} = {0C3E48A2-E391-4484-828D-357877A6E1FD}
		{837576CA-C10E-46D1-AC1A-EED9D8D06D4C} = {2BAB0A27-78A3-49CD-9C7F-7201B53E9806}
		{F67A7993-F3B1-4028-83A7-DE659E04654C} = {2BAB0A27-78A3-49CD-9C7F-7201B53E9806}
		{3A7C55F6-04A0-4B83-AC6E-BE89A2DEB874} = {2BAB0A27-78A3-49CD-9C7F-7201B53E9806}
		{B69F962E-379C-47DE-85D2-D49E1AC0E442} = {B70AE517-2412-43CB-BA2D-0F55341A1DDC}
		{C063544B-229E-4A62-B390-7E0141A8FE01} = {B70AE517-2412-43CB-BA2D-0F55341A1DDC}
		{A81A5DD9-F754-4055-BA84-A15483210670} = {B70AE517-2412-43CB-BA2D-0F55341A1DDC}
		{4715EB65-CA5D-4AC2-876F-CE7418C81374} = {717FBC61-2E07-4FAB-8627-A0F7013CF144}
		{91AE934B-7E7A-462C-B9A9-22EE8F3E7848} = {717FBC61-2E07-4FAB-8627-A0F7013CF144}
		{E6794D91-8BB5-4CF2-8E54-8B373FDB8600} = {717FBC61-2E07-4FAB-8627-A0F7013CF144}
		{B8BE9B7F-0FB9-4AF3-834E-433DC8EE77D5} = {B5C5D882-F91B-4868-A763-54D9C92523EE}
		{2F642BB8-464D-46B4-89B4-E8B30B438892} = {B5C5D882-F91B-4868-A763-54D9C92523EE}
		{8FDE9B37-5577-4BFF-9750-E33627EBFBBE} = {B5C5D882-F91B-4868-A763-54D9C92523EE}
		{FF3D7A70-21FB-41E0-A6BC-BE9E07DA1DD8} = {861797E6-006A-4925-89AA-77FA76AA1826}
		{5FBF8577-2E37-4ED4-8845-22AF68E11599} = {861797E6-006A-4925-89AA-77FA76AA1826}
		{B3AC6549-7995-4600-BEE2-213D523C46FB} = {861797E6-006A-4925-89AA-77FA76AA1826}
	EndGlobalSection
	GlobalSection(ExtensibilityGlobals) = postSolution
		SolutionGuid = {F9C2821A-CAAE-417F-93D6-F0B29D6C6096}
	EndGlobalSection
EndGlobal
